
Microsoft Visual Studio Solution File, Format Version 12.00
# Visual Studio Version 17
VisualStudioVersion = 17.4.33213.308
MinimumVisualStudioVersion = 10.0.40219.1
Project("{9A19103F-16F7-4668-BE54-9A1E7A4F7556}") = "StringToBase64", "StringToBase64\StringToBase64.csproj", "{786F8D8B-1C1B-43E7-BE17-50872F7720E6}"
EndProject
Project("{FAE04EC0-301F-11D3-BF4B-00C04F79EFBC}") = "ExaltAccountManager", "ExaltAccountManager\ExaltAccountManager.csproj", "{4DAA2462-CE82-491D-A823-B839036566D5}"
EndProject
Project("{FAE04EC0-301F-11D3-BF4B-00C04F79EFBC}") = "EAM Tasktray Tool", "EAM Tasktray Tool\EAM Tasktray Tool.csproj", "{39F18F98-F955-4B55-B7BC-1D8402E279BB}"
EndProject
Project("{FAE04EC0-301F-11D3-BF4B-00C04F79EFBC}") = "EAM Daily Login Service", "EAM Daily Login Service\EAM Daily Login Service.csproj", "{762C7732-B9DF-4ED4-B166-ED8AB0134D1D}"
EndProject
Project("{FAE04EC0-301F-11D3-BF4B-00C04F79EFBC}") = "EAM Statistics", "EAM Statistics\EAM Statistics.csproj", "{B429BD15-3C98-4150-9F09-9A521A112997}"
EndProject
Project("{FAE04EC0-301F-11D3-BF4B-00C04F79EFBC}") = "EAM PingChecker", "EAM PingChecker\EAM PingChecker.csproj", "{6A00BF6F-5B9B-4E77-A3C9-96CC57700D5A}"
EndProject
Project("{FAE04EC0-301F-11D3-BF4B-00C04F79EFBC}") = "EAM Vault Peeker", "EAM Vault Peeker\EAM Vault Peeker.csproj", "{420C5644-CB8D-4BAD-A678-6CFB1A8ACD92}"
EndProject
Project("{FAE04EC0-301F-11D3-BF4B-00C04F79EFBC}") = "EAM_Updater", "EAM_Updater\EAM_Updater.csproj", "{799346D1-368B-4439-86D9-5548B3B13A0F}"
EndProject
Project("{2150E333-8FDC-42A3-9474-1A3956D46DE8}") = "Solution Items", "Solution Items", "{8FF59C9E-1113-411D-945C-24D15685B2A6}"
	ProjectSection(SolutionItems) = preProject
		.editorconfig = .editorconfig
	EndProjectSection
EndProject
Project("{2150E333-8FDC-42A3-9474-1A3956D46DE8}") = "Libraries", "Libraries", "{29E5CE25-2BF3-4AE0-AAC1-ACDB71419435}"
EndProject
Project("{9A19103F-16F7-4668-BE54-9A1E7A4F7556}") = "EAM_Installer", "EAM_Installer\EAM_Installer.csproj", "{6D1E1B0B-3432-4909-9781-6FB3C83ADC78}"
EndProject
Project("{9A19103F-16F7-4668-BE54-9A1E7A4F7556}") = "MK_EAM_Analytics", "Libraries\MK_EAM_Analytics\MK_EAM_Analytics.csproj", "{7AF5D68E-DD5F-490F-B9E2-D8745F1907B9}"
EndProject
Project("{FAE04EC0-301F-11D3-BF4B-00C04F79EFBC}") = "MK_EAM_Captcha_Solver_UI_Lib", "Libraries\MK_EAM_Captcha_Solver_UI_Lib\MK_EAM_Captcha_Solver_UI_Lib.csproj", "{1BA65C66-977B-4642-BB70-A5ADB813B0A3}"
EndProject
Project("{FAE04EC0-301F-11D3-BF4B-00C04F79EFBC}") = "MK_EAM_Discord_Lib", "Libraries\MK_EAM_Discord_Lib\MK_EAM_Discord_Lib.csproj", "{C49DC956-09E5-4CCF-A753-86ADCD5F94C7}"
EndProject
Project("{9A19103F-16F7-4668-BE54-9A1E7A4F7556}") = "MK_EAM_General_Services_Lib", "Libraries\MK_EAM_General_Services_Lib\MK_EAM_General_Services_Lib.csproj", "{32D75BDD-CE16-4569-8131-8136EB13AD8F}"
EndProject
Project("{FAE04EC0-301F-11D3-BF4B-00C04F79EFBC}") = "MK_EAM_Lib", "Libraries\MK_EAM_Lib\MK_EAM_Lib.csproj", "{63C8EBA3-8DCD-46BD-98D0-58F3190C5B6F}"
EndProject
Project("{9A19103F-16F7-4668-BE54-9A1E7A4F7556}") = "MK_EAM_Updater_Lib", "Libraries\MK_EAM_Updater_Lib\MK_EAM_Updater_Lib.csproj", "{554960C0-CBB0-48FA-B7CC-584890A28829}"
EndProject
Global
	GlobalSection(SolutionConfigurationPlatforms) = preSolution
		Debug|Any CPU = Debug|Any CPU
		Debug|ARM64 = Debug|ARM64
		Debug|x64 = Debug|x64
		Debug|x86 = Debug|x86
		Release|Any CPU = Release|Any CPU
		Release|ARM64 = Release|ARM64
		Release|x64 = Release|x64
		Release|x86 = Release|x86
	EndGlobalSection
	GlobalSection(ProjectConfigurationPlatforms) = postSolution
		{786F8D8B-1C1B-43E7-BE17-50872F7720E6}.Debug|Any CPU.ActiveCfg = Debug|Any CPU
		{786F8D8B-1C1B-43E7-BE17-50872F7720E6}.Debug|Any CPU.Build.0 = Debug|Any CPU
		{786F8D8B-1C1B-43E7-BE17-50872F7720E6}.Debug|ARM64.ActiveCfg = Debug|Any CPU
		{786F8D8B-1C1B-43E7-BE17-50872F7720E6}.Debug|ARM64.Build.0 = Debug|Any CPU
		{786F8D8B-1C1B-43E7-BE17-50872F7720E6}.Debug|x64.ActiveCfg = Debug|Any CPU
		{786F8D8B-1C1B-43E7-BE17-50872F7720E6}.Debug|x64.Build.0 = Debug|Any CPU
		{786F8D8B-1C1B-43E7-BE17-50872F7720E6}.Debug|x86.ActiveCfg = Debug|Any CPU
		{786F8D8B-1C1B-43E7-BE17-50872F7720E6}.Debug|x86.Build.0 = Debug|Any CPU
		{786F8D8B-1C1B-43E7-BE17-50872F7720E6}.Release|Any CPU.ActiveCfg = Release|Any CPU
		{786F8D8B-1C1B-43E7-BE17-50872F7720E6}.Release|Any CPU.Build.0 = Release|Any CPU
		{786F8D8B-1C1B-43E7-BE17-50872F7720E6}.Release|ARM64.ActiveCfg = Release|Any CPU
		{786F8D8B-1C1B-43E7-BE17-50872F7720E6}.Release|ARM64.Build.0 = Release|Any CPU
		{786F8D8B-1C1B-43E7-BE17-50872F7720E6}.Release|x64.ActiveCfg = Release|Any CPU
		{786F8D8B-1C1B-43E7-BE17-50872F7720E6}.Release|x64.Build.0 = Release|Any CPU
		{786F8D8B-1C1B-43E7-BE17-50872F7720E6}.Release|x86.ActiveCfg = Release|Any CPU
		{786F8D8B-1C1B-43E7-BE17-50872F7720E6}.Release|x86.Build.0 = Release|Any CPU
		{4DAA2462-CE82-491D-A823-B839036566D5}.Debug|Any CPU.ActiveCfg = Debug|Any CPU
		{4DAA2462-CE82-491D-A823-B839036566D5}.Debug|Any CPU.Build.0 = Debug|Any CPU
		{4DAA2462-CE82-491D-A823-B839036566D5}.Debug|ARM64.ActiveCfg = Debug|Any CPU
		{4DAA2462-CE82-491D-A823-B839036566D5}.Debug|ARM64.Build.0 = Debug|Any CPU
		{4DAA2462-CE82-491D-A823-B839036566D5}.Debug|x64.ActiveCfg = Debug|Any CPU
		{4DAA2462-CE82-491D-A823-B839036566D5}.Debug|x64.Build.0 = Debug|Any CPU
		{4DAA2462-CE82-491D-A823-B839036566D5}.Debug|x86.ActiveCfg = Debug|Any CPU
		{4DAA2462-CE82-491D-A823-B839036566D5}.Debug|x86.Build.0 = Debug|Any CPU
		{4DAA2462-CE82-491D-A823-B839036566D5}.Release|Any CPU.ActiveCfg = Release|Any CPU
		{4DAA2462-CE82-491D-A823-B839036566D5}.Release|Any CPU.Build.0 = Release|Any CPU
		{4DAA2462-CE82-491D-A823-B839036566D5}.Release|ARM64.ActiveCfg = Release|Any CPU
		{4DAA2462-CE82-491D-A823-B839036566D5}.Release|ARM64.Build.0 = Release|Any CPU
		{4DAA2462-CE82-491D-A823-B839036566D5}.Release|x64.ActiveCfg = Release|Any CPU
		{4DAA2462-CE82-491D-A823-B839036566D5}.Release|x64.Build.0 = Release|Any CPU
		{4DAA2462-CE82-491D-A823-B839036566D5}.Release|x86.ActiveCfg = Release|Any CPU
		{4DAA2462-CE82-491D-A823-B839036566D5}.Release|x86.Build.0 = Release|Any CPU
		{39F18F98-F955-4B55-B7BC-1D8402E279BB}.Debug|Any CPU.ActiveCfg = Debug|Any CPU
		{39F18F98-F955-4B55-B7BC-1D8402E279BB}.Debug|Any CPU.Build.0 = Debug|Any CPU
		{39F18F98-F955-4B55-B7BC-1D8402E279BB}.Debug|ARM64.ActiveCfg = Debug|Any CPU
		{39F18F98-F955-4B55-B7BC-1D8402E279BB}.Debug|ARM64.Build.0 = Debug|Any CPU
		{39F18F98-F955-4B55-B7BC-1D8402E279BB}.Debug|x64.ActiveCfg = Debug|Any CPU
		{39F18F98-F955-4B55-B7BC-1D8402E279BB}.Debug|x64.Build.0 = Debug|Any CPU
		{39F18F98-F955-4B55-B7BC-1D8402E279BB}.Debug|x86.ActiveCfg = Debug|Any CPU
		{39F18F98-F955-4B55-B7BC-1D8402E279BB}.Debug|x86.Build.0 = Debug|Any CPU
		{39F18F98-F955-4B55-B7BC-1D8402E279BB}.Release|Any CPU.ActiveCfg = Release|Any CPU
		{39F18F98-F955-4B55-B7BC-1D8402E279BB}.Release|Any CPU.Build.0 = Release|Any CPU
		{39F18F98-F955-4B55-B7BC-1D8402E279BB}.Release|ARM64.ActiveCfg = Release|Any CPU
		{39F18F98-F955-4B55-B7BC-1D8402E279BB}.Release|ARM64.Build.0 = Release|Any CPU
		{39F18F98-F955-4B55-B7BC-1D8402E279BB}.Release|x64.ActiveCfg = Release|Any CPU
		{39F18F98-F955-4B55-B7BC-1D8402E279BB}.Release|x64.Build.0 = Release|Any CPU
		{39F18F98-F955-4B55-B7BC-1D8402E279BB}.Release|x86.ActiveCfg = Release|Any CPU
		{39F18F98-F955-4B55-B7BC-1D8402E279BB}.Release|x86.Build.0 = Release|Any CPU
		{762C7732-B9DF-4ED4-B166-ED8AB0134D1D}.Debug|Any CPU.ActiveCfg = Debug|Any CPU
		{762C7732-B9DF-4ED4-B166-ED8AB0134D1D}.Debug|Any CPU.Build.0 = Debug|Any CPU
		{762C7732-B9DF-4ED4-B166-ED8AB0134D1D}.Debug|ARM64.ActiveCfg = Debug|Any CPU
		{762C7732-B9DF-4ED4-B166-ED8AB0134D1D}.Debug|ARM64.Build.0 = Debug|Any CPU
		{762C7732-B9DF-4ED4-B166-ED8AB0134D1D}.Debug|x64.ActiveCfg = Debug|Any CPU
		{762C7732-B9DF-4ED4-B166-ED8AB0134D1D}.Debug|x64.Build.0 = Debug|Any CPU
		{762C7732-B9DF-4ED4-B166-ED8AB0134D1D}.Debug|x86.ActiveCfg = Debug|Any CPU
		{762C7732-B9DF-4ED4-B166-ED8AB0134D1D}.Debug|x86.Build.0 = Debug|Any CPU
		{762C7732-B9DF-4ED4-B166-ED8AB0134D1D}.Release|Any CPU.ActiveCfg = Release|Any CPU
		{762C7732-B9DF-4ED4-B166-ED8AB0134D1D}.Release|Any CPU.Build.0 = Release|Any CPU
		{762C7732-B9DF-4ED4-B166-ED8AB0134D1D}.Release|ARM64.ActiveCfg = Release|Any CPU
		{762C7732-B9DF-4ED4-B166-ED8AB0134D1D}.Release|ARM64.Build.0 = Release|Any CPU
		{762C7732-B9DF-4ED4-B166-ED8AB0134D1D}.Release|x64.ActiveCfg = Release|Any CPU
		{762C7732-B9DF-4ED4-B166-ED8AB0134D1D}.Release|x64.Build.0 = Release|Any CPU
		{762C7732-B9DF-4ED4-B166-ED8AB0134D1D}.Release|x86.ActiveCfg = Release|Any CPU
		{762C7732-B9DF-4ED4-B166-ED8AB0134D1D}.Release|x86.Build.0 = Release|Any CPU
		{B429BD15-3C98-4150-9F09-9A521A112997}.Debug|Any CPU.ActiveCfg = Debug|Any CPU
		{B429BD15-3C98-4150-9F09-9A521A112997}.Debug|Any CPU.Build.0 = Debug|Any CPU
		{B429BD15-3C98-4150-9F09-9A521A112997}.Debug|ARM64.ActiveCfg = Debug|Any CPU
		{B429BD15-3C98-4150-9F09-9A521A112997}.Debug|ARM64.Build.0 = Debug|Any CPU
		{B429BD15-3C98-4150-9F09-9A521A112997}.Debug|x64.ActiveCfg = Debug|Any CPU
		{B429BD15-3C98-4150-9F09-9A521A112997}.Debug|x64.Build.0 = Debug|Any CPU
		{B429BD15-3C98-4150-9F09-9A521A112997}.Debug|x86.ActiveCfg = Debug|Any CPU
		{B429BD15-3C98-4150-9F09-9A521A112997}.Debug|x86.Build.0 = Debug|Any CPU
		{B429BD15-3C98-4150-9F09-9A521A112997}.Release|Any CPU.ActiveCfg = Release|Any CPU
		{B429BD15-3C98-4150-9F09-9A521A112997}.Release|Any CPU.Build.0 = Release|Any CPU
		{B429BD15-3C98-4150-9F09-9A521A112997}.Release|ARM64.ActiveCfg = Release|Any CPU
		{B429BD15-3C98-4150-9F09-9A521A112997}.Release|ARM64.Build.0 = Release|Any CPU
		{B429BD15-3C98-4150-9F09-9A521A112997}.Release|x64.ActiveCfg = Release|Any CPU
		{B429BD15-3C98-4150-9F09-9A521A112997}.Release|x64.Build.0 = Release|Any CPU
		{B429BD15-3C98-4150-9F09-9A521A112997}.Release|x86.ActiveCfg = Release|Any CPU
		{B429BD15-3C98-4150-9F09-9A521A112997}.Release|x86.Build.0 = Release|Any CPU
		{6A00BF6F-5B9B-4E77-A3C9-96CC57700D5A}.Debug|Any CPU.ActiveCfg = Debug|Any CPU
		{6A00BF6F-5B9B-4E77-A3C9-96CC57700D5A}.Debug|Any CPU.Build.0 = Debug|Any CPU
		{6A00BF6F-5B9B-4E77-A3C9-96CC57700D5A}.Debug|ARM64.ActiveCfg = Debug|Any CPU
		{6A00BF6F-5B9B-4E77-A3C9-96CC57700D5A}.Debug|ARM64.Build.0 = Debug|Any CPU
		{6A00BF6F-5B9B-4E77-A3C9-96CC57700D5A}.Debug|x64.ActiveCfg = Debug|Any CPU
		{6A00BF6F-5B9B-4E77-A3C9-96CC57700D5A}.Debug|x64.Build.0 = Debug|Any CPU
		{6A00BF6F-5B9B-4E77-A3C9-96CC57700D5A}.Debug|x86.ActiveCfg = Debug|Any CPU
		{6A00BF6F-5B9B-4E77-A3C9-96CC57700D5A}.Debug|x86.Build.0 = Debug|Any CPU
		{6A00BF6F-5B9B-4E77-A3C9-96CC57700D5A}.Release|Any CPU.ActiveCfg = Release|Any CPU
		{6A00BF6F-5B9B-4E77-A3C9-96CC57700D5A}.Release|Any CPU.Build.0 = Release|Any CPU
		{6A00BF6F-5B9B-4E77-A3C9-96CC57700D5A}.Release|ARM64.ActiveCfg = Release|Any CPU
		{6A00BF6F-5B9B-4E77-A3C9-96CC57700D5A}.Release|ARM64.Build.0 = Release|Any CPU
		{6A00BF6F-5B9B-4E77-A3C9-96CC57700D5A}.Release|x64.ActiveCfg = Release|Any CPU
		{6A00BF6F-5B9B-4E77-A3C9-96CC57700D5A}.Release|x64.Build.0 = Release|Any CPU
		{6A00BF6F-5B9B-4E77-A3C9-96CC57700D5A}.Release|x86.ActiveCfg = Release|Any CPU
		{6A00BF6F-5B9B-4E77-A3C9-96CC57700D5A}.Release|x86.Build.0 = Release|Any CPU
		{420C5644-CB8D-4BAD-A678-6CFB1A8ACD92}.Debug|Any CPU.ActiveCfg = Debug|Any CPU
		{420C5644-CB8D-4BAD-A678-6CFB1A8ACD92}.Debug|Any CPU.Build.0 = Debug|Any CPU
		{420C5644-CB8D-4BAD-A678-6CFB1A8ACD92}.Debug|ARM64.ActiveCfg = Debug|Any CPU
		{420C5644-CB8D-4BAD-A678-6CFB1A8ACD92}.Debug|ARM64.Build.0 = Debug|Any CPU
		{420C5644-CB8D-4BAD-A678-6CFB1A8ACD92}.Debug|x64.ActiveCfg = Debug|Any CPU
		{420C5644-CB8D-4BAD-A678-6CFB1A8ACD92}.Debug|x64.Build.0 = Debug|Any CPU
		{420C5644-CB8D-4BAD-A678-6CFB1A8ACD92}.Debug|x86.ActiveCfg = Debug|Any CPU
		{420C5644-CB8D-4BAD-A678-6CFB1A8ACD92}.Debug|x86.Build.0 = Debug|Any CPU
		{420C5644-CB8D-4BAD-A678-6CFB1A8ACD92}.Release|Any CPU.ActiveCfg = Release|Any CPU
		{420C5644-CB8D-4BAD-A678-6CFB1A8ACD92}.Release|Any CPU.Build.0 = Release|Any CPU
		{420C5644-CB8D-4BAD-A678-6CFB1A8ACD92}.Release|ARM64.ActiveCfg = Release|Any CPU
		{420C5644-CB8D-4BAD-A678-6CFB1A8ACD92}.Release|ARM64.Build.0 = Release|Any CPU
		{420C5644-CB8D-4BAD-A678-6CFB1A8ACD92}.Release|x64.ActiveCfg = Release|Any CPU
		{420C5644-CB8D-4BAD-A678-6CFB1A8ACD92}.Release|x64.Build.0 = Release|Any CPU
		{420C5644-CB8D-4BAD-A678-6CFB1A8ACD92}.Release|x86.ActiveCfg = Release|Any CPU
		{420C5644-CB8D-4BAD-A678-6CFB1A8ACD92}.Release|x86.Build.0 = Release|Any CPU
		{799346D1-368B-4439-86D9-5548B3B13A0F}.Debug|Any CPU.ActiveCfg = Debug|Any CPU
		{799346D1-368B-4439-86D9-5548B3B13A0F}.Debug|Any CPU.Build.0 = Debug|Any CPU
		{799346D1-368B-4439-86D9-5548B3B13A0F}.Debug|ARM64.ActiveCfg = Debug|Any CPU
		{799346D1-368B-4439-86D9-5548B3B13A0F}.Debug|ARM64.Build.0 = Debug|Any CPU
		{799346D1-368B-4439-86D9-5548B3B13A0F}.Debug|x64.ActiveCfg = Debug|Any CPU
		{799346D1-368B-4439-86D9-5548B3B13A0F}.Debug|x64.Build.0 = Debug|Any CPU
		{799346D1-368B-4439-86D9-5548B3B13A0F}.Debug|x86.ActiveCfg = Debug|Any CPU
		{799346D1-368B-4439-86D9-5548B3B13A0F}.Debug|x86.Build.0 = Debug|Any CPU
		{799346D1-368B-4439-86D9-5548B3B13A0F}.Release|Any CPU.ActiveCfg = Release|Any CPU
		{799346D1-368B-4439-86D9-5548B3B13A0F}.Release|Any CPU.Build.0 = Release|Any CPU
		{799346D1-368B-4439-86D9-5548B3B13A0F}.Release|ARM64.ActiveCfg = Release|Any CPU
		{799346D1-368B-4439-86D9-5548B3B13A0F}.Release|ARM64.Build.0 = Release|Any CPU
		{799346D1-368B-4439-86D9-5548B3B13A0F}.Release|x64.ActiveCfg = Release|Any CPU
		{799346D1-368B-4439-86D9-5548B3B13A0F}.Release|x64.Build.0 = Release|Any CPU
		{799346D1-368B-4439-86D9-5548B3B13A0F}.Release|x86.ActiveCfg = Release|Any CPU
		{799346D1-368B-4439-86D9-5548B3B13A0F}.Release|x86.Build.0 = Release|Any CPU
		{6D1E1B0B-3432-4909-9781-6FB3C83ADC78}.Debug|Any CPU.ActiveCfg = Debug|Any CPU
		{6D1E1B0B-3432-4909-9781-6FB3C83ADC78}.Debug|Any CPU.Build.0 = Debug|Any CPU
		{6D1E1B0B-3432-4909-9781-6FB3C83ADC78}.Debug|ARM64.ActiveCfg = Debug|Any CPU
		{6D1E1B0B-3432-4909-9781-6FB3C83ADC78}.Debug|ARM64.Build.0 = Debug|Any CPU
		{6D1E1B0B-3432-4909-9781-6FB3C83ADC78}.Debug|x64.ActiveCfg = Debug|Any CPU
		{6D1E1B0B-3432-4909-9781-6FB3C83ADC78}.Debug|x64.Build.0 = Debug|Any CPU
		{6D1E1B0B-3432-4909-9781-6FB3C83ADC78}.Debug|x86.ActiveCfg = Debug|Any CPU
		{6D1E1B0B-3432-4909-9781-6FB3C83ADC78}.Debug|x86.Build.0 = Debug|Any CPU
		{6D1E1B0B-3432-4909-9781-6FB3C83ADC78}.Release|Any CPU.ActiveCfg = Release|Any CPU
		{6D1E1B0B-3432-4909-9781-6FB3C83ADC78}.Release|Any CPU.Build.0 = Release|Any CPU
		{6D1E1B0B-3432-4909-9781-6FB3C83ADC78}.Release|ARM64.ActiveCfg = Release|Any CPU
		{6D1E1B0B-3432-4909-9781-6FB3C83ADC78}.Release|ARM64.Build.0 = Release|Any CPU
		{6D1E1B0B-3432-4909-9781-6FB3C83ADC78}.Release|x64.ActiveCfg = Release|Any CPU
		{6D1E1B0B-3432-4909-9781-6FB3C83ADC78}.Release|x64.Build.0 = Release|Any CPU
		{6D1E1B0B-3432-4909-9781-6FB3C83ADC78}.Release|x86.ActiveCfg = Release|Any CPU
		{6D1E1B0B-3432-4909-9781-6FB3C83ADC78}.Release|x86.Build.0 = Release|Any CPU
		{7AF5D68E-DD5F-490F-B9E2-D8745F1907B9}.Debug|Any CPU.ActiveCfg = Debug|Any CPU
		{7AF5D68E-DD5F-490F-B9E2-D8745F1907B9}.Debug|Any CPU.Build.0 = Debug|Any CPU
		{7AF5D68E-DD5F-490F-B9E2-D8745F1907B9}.Debug|ARM64.ActiveCfg = Debug|Any CPU
		{7AF5D68E-DD5F-490F-B9E2-D8745F1907B9}.Debug|ARM64.Build.0 = Debug|Any CPU
		{7AF5D68E-DD5F-490F-B9E2-D8745F1907B9}.Debug|x64.ActiveCfg = Debug|Any CPU
		{7AF5D68E-DD5F-490F-B9E2-D8745F1907B9}.Debug|x64.Build.0 = Debug|Any CPU
		{7AF5D68E-DD5F-490F-B9E2-D8745F1907B9}.Debug|x86.ActiveCfg = Debug|Any CPU
		{7AF5D68E-DD5F-490F-B9E2-D8745F1907B9}.Debug|x86.Build.0 = Debug|Any CPU
		{7AF5D68E-DD5F-490F-B9E2-D8745F1907B9}.Release|Any CPU.ActiveCfg = Release|Any CPU
		{7AF5D68E-DD5F-490F-B9E2-D8745F1907B9}.Release|Any CPU.Build.0 = Release|Any CPU
		{7AF5D68E-DD5F-490F-B9E2-D8745F1907B9}.Release|ARM64.ActiveCfg = Release|Any CPU
		{7AF5D68E-DD5F-490F-B9E2-D8745F1907B9}.Release|ARM64.Build.0 = Release|Any CPU
		{7AF5D68E-DD5F-490F-B9E2-D8745F1907B9}.Release|x64.ActiveCfg = Release|Any CPU
		{7AF5D68E-DD5F-490F-B9E2-D8745F1907B9}.Release|x64.Build.0 = Release|Any CPU
		{7AF5D68E-DD5F-490F-B9E2-D8745F1907B9}.Release|x86.ActiveCfg = Release|Any CPU
		{7AF5D68E-DD5F-490F-B9E2-D8745F1907B9}.Release|x86.Build.0 = Release|Any CPU
		{1BA65C66-977B-4642-BB70-A5ADB813B0A3}.Debug|Any CPU.ActiveCfg = Debug|Any CPU
		{1BA65C66-977B-4642-BB70-A5ADB813B0A3}.Debug|Any CPU.Build.0 = Debug|Any CPU
		{1BA65C66-977B-4642-BB70-A5ADB813B0A3}.Debug|ARM64.ActiveCfg = Debug|Any CPU
		{1BA65C66-977B-4642-BB70-A5ADB813B0A3}.Debug|ARM64.Build.0 = Debug|Any CPU
		{1BA65C66-977B-4642-BB70-A5ADB813B0A3}.Debug|x64.ActiveCfg = Debug|Any CPU
		{1BA65C66-977B-4642-BB70-A5ADB813B0A3}.Debug|x64.Build.0 = Debug|Any CPU
		{1BA65C66-977B-4642-BB70-A5ADB813B0A3}.Debug|x86.ActiveCfg = Debug|Any CPU
		{1BA65C66-977B-4642-BB70-A5ADB813B0A3}.Debug|x86.Build.0 = Debug|Any CPU
		{1BA65C66-977B-4642-BB70-A5ADB813B0A3}.Release|Any CPU.ActiveCfg = Release|Any CPU
		{1BA65C66-977B-4642-BB70-A5ADB813B0A3}.Release|Any CPU.Build.0 = Release|Any CPU
		{1BA65C66-977B-4642-BB70-A5ADB813B0A3}.Release|ARM64.ActiveCfg = Release|Any CPU
		{1BA65C66-977B-4642-BB70-A5ADB813B0A3}.Release|ARM64.Build.0 = Release|Any CPU
		{1BA65C66-977B-4642-BB70-A5ADB813B0A3}.Release|x64.ActiveCfg = Release|Any CPU
		{1BA65C66-977B-4642-BB70-A5ADB813B0A3}.Release|x64.Build.0 = Release|Any CPU
		{1BA65C66-977B-4642-BB70-A5ADB813B0A3}.Release|x86.ActiveCfg = Release|Any CPU
		{1BA65C66-977B-4642-BB70-A5ADB813B0A3}.Release|x86.Build.0 = Release|Any CPU
		{C49DC956-09E5-4CCF-A753-86ADCD5F94C7}.Debug|Any CPU.ActiveCfg = Debug|Any CPU
		{C49DC956-09E5-4CCF-A753-86ADCD5F94C7}.Debug|Any CPU.Build.0 = Debug|Any CPU
		{C49DC956-09E5-4CCF-A753-86ADCD5F94C7}.Debug|ARM64.ActiveCfg = Debug|Any CPU
		{C49DC956-09E5-4CCF-A753-86ADCD5F94C7}.Debug|ARM64.Build.0 = Debug|Any CPU
		{C49DC956-09E5-4CCF-A753-86ADCD5F94C7}.Debug|x64.ActiveCfg = Debug|Any CPU
		{C49DC956-09E5-4CCF-A753-86ADCD5F94C7}.Debug|x64.Build.0 = Debug|Any CPU
		{C49DC956-09E5-4CCF-A753-86ADCD5F94C7}.Debug|x86.ActiveCfg = Debug|Any CPU
		{C49DC956-09E5-4CCF-A753-86ADCD5F94C7}.Debug|x86.Build.0 = Debug|Any CPU
		{C49DC956-09E5-4CCF-A753-86ADCD5F94C7}.Release|Any CPU.ActiveCfg = Release|Any CPU
		{C49DC956-09E5-4CCF-A753-86ADCD5F94C7}.Release|Any CPU.Build.0 = Release|Any CPU
		{C49DC956-09E5-4CCF-A753-86ADCD5F94C7}.Release|ARM64.ActiveCfg = Release|Any CPU
		{C49DC956-09E5-4CCF-A753-86ADCD5F94C7}.Release|ARM64.Build.0 = Release|Any CPU
		{C49DC956-09E5-4CCF-A753-86ADCD5F94C7}.Release|x64.ActiveCfg = Release|Any CPU
		{C49DC956-09E5-4CCF-A753-86ADCD5F94C7}.Release|x64.Build.0 = Release|Any CPU
		{C49DC956-09E5-4CCF-A753-86ADCD5F94C7}.Release|x86.ActiveCfg = Release|Any CPU
		{C49DC956-09E5-4CCF-A753-86ADCD5F94C7}.Release|x86.Build.0 = Release|Any CPU
		{32D75BDD-CE16-4569-8131-8136EB13AD8F}.Debug|Any CPU.ActiveCfg = Debug|Any CPU
		{32D75BDD-CE16-4569-8131-8136EB13AD8F}.Debug|Any CPU.Build.0 = Debug|Any CPU
		{32D75BDD-CE16-4569-8131-8136EB13AD8F}.Debug|ARM64.ActiveCfg = Debug|Any CPU
		{32D75BDD-CE16-4569-8131-8136EB13AD8F}.Debug|ARM64.Build.0 = Debug|Any CPU
		{32D75BDD-CE16-4569-8131-8136EB13AD8F}.Debug|x64.ActiveCfg = Debug|Any CPU
		{32D75BDD-CE16-4569-8131-8136EB13AD8F}.Debug|x64.Build.0 = Debug|Any CPU
		{32D75BDD-CE16-4569-8131-8136EB13AD8F}.Debug|x86.ActiveCfg = Debug|Any CPU
		{32D75BDD-CE16-4569-8131-8136EB13AD8F}.Debug|x86.Build.0 = Debug|Any CPU
		{32D75BDD-CE16-4569-8131-8136EB13AD8F}.Release|Any CPU.ActiveCfg = Release|Any CPU
		{32D75BDD-CE16-4569-8131-8136EB13AD8F}.Release|Any CPU.Build.0 = Release|Any CPU
		{32D75BDD-CE16-4569-8131-8136EB13AD8F}.Release|ARM64.ActiveCfg = Release|Any CPU
		{32D75BDD-CE16-4569-8131-8136EB13AD8F}.Release|ARM64.Build.0 = Release|Any CPU
		{32D75BDD-CE16-4569-8131-8136EB13AD8F}.Release|x64.ActiveCfg = Release|Any CPU
		{32D75BDD-CE16-4569-8131-8136EB13AD8F}.Release|x64.Build.0 = Release|Any CPU
		{32D75BDD-CE16-4569-8131-8136EB13AD8F}.Release|x86.ActiveCfg = Release|Any CPU
		{32D75BDD-CE16-4569-8131-8136EB13AD8F}.Release|x86.Build.0 = Release|Any CPU
		{63C8EBA3-8DCD-46BD-98D0-58F3190C5B6F}.Debug|Any CPU.ActiveCfg = Debug|Any CPU
		{63C8EBA3-8DCD-46BD-98D0-58F3190C5B6F}.Debug|Any CPU.Build.0 = Debug|Any CPU
		{63C8EBA3-8DCD-46BD-98D0-58F3190C5B6F}.Debug|ARM64.ActiveCfg = Debug|Any CPU
		{63C8EBA3-8DCD-46BD-98D0-58F3190C5B6F}.Debug|ARM64.Build.0 = Debug|Any CPU
		{63C8EBA3-8DCD-46BD-98D0-58F3190C5B6F}.Debug|x64.ActiveCfg = Debug|Any CPU
		{63C8EBA3-8DCD-46BD-98D0-58F3190C5B6F}.Debug|x64.Build.0 = Debug|Any CPU
		{63C8EBA3-8DCD-46BD-98D0-58F3190C5B6F}.Debug|x86.ActiveCfg = Debug|Any CPU
		{63C8EBA3-8DCD-46BD-98D0-58F3190C5B6F}.Debug|x86.Build.0 = Debug|Any CPU
		{63C8EBA3-8DCD-46BD-98D0-58F3190C5B6F}.Release|Any CPU.ActiveCfg = Release|Any CPU
		{63C8EBA3-8DCD-46BD-98D0-58F3190C5B6F}.Release|Any CPU.Build.0 = Release|Any CPU
		{63C8EBA3-8DCD-46BD-98D0-58F3190C5B6F}.Release|ARM64.ActiveCfg = Release|Any CPU
		{63C8EBA3-8DCD-46BD-98D0-58F3190C5B6F}.Release|ARM64.Build.0 = Release|Any CPU
		{63C8EBA3-8DCD-46BD-98D0-58F3190C5B6F}.Release|x64.ActiveCfg = Release|Any CPU
		{63C8EBA3-8DCD-46BD-98D0-58F3190C5B6F}.Release|x64.Build.0 = Release|Any CPU
		{63C8EBA3-8DCD-46BD-98D0-58F3190C5B6F}.Release|x86.ActiveCfg = Release|Any CPU
		{63C8EBA3-8DCD-46BD-98D0-58F3190C5B6F}.Release|x86.Build.0 = Release|Any CPU
		{554960C0-CBB0-48FA-B7CC-584890A28829}.Debug|Any CPU.ActiveCfg = Debug|Any CPU
		{554960C0-CBB0-48FA-B7CC-584890A28829}.Debug|Any CPU.Build.0 = Debug|Any CPU
		{554960C0-CBB0-48FA-B7CC-584890A28829}.Debug|ARM64.ActiveCfg = Debug|Any CPU
		{554960C0-CBB0-48FA-B7CC-584890A28829}.Debug|ARM64.Build.0 = Debug|Any CPU
		{554960C0-CBB0-48FA-B7CC-584890A28829}.Debug|x64.ActiveCfg = Debug|Any CPU
		{554960C0-CBB0-48FA-B7CC-584890A28829}.Debug|x64.Build.0 = Debug|Any CPU
		{554960C0-CBB0-48FA-B7CC-584890A28829}.Debug|x86.ActiveCfg = Debug|Any CPU
		{554960C0-CBB0-48FA-B7CC-584890A28829}.Debug|x86.Build.0 = Debug|Any CPU
		{554960C0-CBB0-48FA-B7CC-584890A28829}.Release|Any CPU.ActiveCfg = Release|Any CPU
		{554960C0-CBB0-48FA-B7CC-584890A28829}.Release|Any CPU.Build.0 = Release|Any CPU
		{554960C0-CBB0-48FA-B7CC-584890A28829}.Release|ARM64.ActiveCfg = Release|Any CPU
		{554960C0-CBB0-48FA-B7CC-584890A28829}.Release|ARM64.Build.0 = Release|Any CPU
		{554960C0-CBB0-48FA-B7CC-584890A28829}.Release|x64.ActiveCfg = Release|Any CPU
		{554960C0-CBB0-48FA-B7CC-584890A28829}.Release|x64.Build.0 = Release|Any CPU
		{554960C0-CBB0-48FA-B7CC-584890A28829}.Release|x86.ActiveCfg = Release|Any CPU
		{554960C0-CBB0-48FA-B7CC-584890A28829}.Release|x86.Build.0 = Release|Any CPU
	EndGlobalSection
	GlobalSection(SolutionProperties) = preSolution
		HideSolutionNode = FALSE
	EndGlobalSection
	GlobalSection(NestedProjects) = preSolution
		{7AF5D68E-DD5F-490F-B9E2-D8745F1907B9} = {29E5CE25-2BF3-4AE0-AAC1-ACDB71419435}
		{1BA65C66-977B-4642-BB70-A5ADB813B0A3} = {29E5CE25-2BF3-4AE0-AAC1-ACDB71419435}
		{C49DC956-09E5-4CCF-A753-86ADCD5F94C7} = {29E5CE25-2BF3-4AE0-AAC1-ACDB71419435}
		{32D75BDD-CE16-4569-8131-8136EB13AD8F} = {29E5CE25-2BF3-4AE0-AAC1-ACDB71419435}
		{63C8EBA3-8DCD-46BD-98D0-58F3190C5B6F} = {29E5CE25-2BF3-4AE0-AAC1-ACDB71419435}
		{554960C0-CBB0-48FA-B7CC-584890A28829} = {29E5CE25-2BF3-4AE0-AAC1-ACDB71419435}
	EndGlobalSection
	GlobalSection(ExtensibilityGlobals) = postSolution
		SolutionGuid = {D61C4B34-772E-4C38-B3C8-4F8C367D52A9}
	EndGlobalSection
EndGlobal
