
Microsoft Visual Studio Solution File, Format Version 12.00
# Visual Studio Version 17
VisualStudioVersion = 17.4.33213.308
MinimumVisualStudioVersion = 10.0.40219.1
Project("{9A19103F-16F7-4668-BE54-9A1E7A4F7556}") = "StringToBase64", "StringToBase64\StringToBase64.csproj", "{786F8D8B-1C1B-43E7-BE17-50872F7720E6}"
EndProject
Project("{FAE04EC0-301F-11D3-BF4B-00C04F79EFBC}") = "ExaltAccountManager", "ExaltAccountManager\ExaltAccountManager.csproj", "{4DAA2462-CE82-491D-A823-B839036566D5}"
EndProject
Project("{FAE04EC0-301F-11D3-BF4B-00C04F79EFBC}") = "EAM Tasktray Tool", "EAM Tasktray Tool\EAM Tasktray Tool.csproj", "{39F18F98-F955-4B55-B7BC-1D8402E279BB}"
EndProject
Project("{FAE04EC0-301F-11D3-BF4B-00C04F79EFBC}") = "MK_EAM_Lib", "MK_EAM_Lib\MK_EAM_Lib.csproj", "{63C8EBA3-8DCD-46BD-98D0-58F3190C5B6F}"
EndProject
Project("{FAE04EC0-301F-11D3-BF4B-00C04F79EFBC}") = "EAM Daily Login Service", "EAM Daily Login Service\EAM Daily Login Service.csproj", "{762C7732-B9DF-4ED4-B166-ED8AB0134D1D}"
EndProject
Project("{FAE04EC0-301F-11D3-BF4B-00C04F79EFBC}") = "EAM Statistics", "EAM Statistics\EAM Statistics.csproj", "{B429BD15-3C98-4150-9F09-9A521A112997}"
EndProject
Project("{FAE04EC0-301F-11D3-BF4B-00C04F79EFBC}") = "EAM PingChecker", "EAM PingChecker\EAM PingChecker.csproj", "{6A00BF6F-5B9B-4E77-A3C9-96CC57700D5A}"
EndProject
Project("{FAE04EC0-301F-11D3-BF4B-00C04F79EFBC}") = "EAM Vault Peeker", "EAM Vault Peeker\EAM Vault Peeker.csproj", "{420C5644-CB8D-4BAD-A678-6CFB1A8ACD92}"
EndProject
Project("{FAE04EC0-301F-11D3-BF4B-00C04F79EFBC}") = "MK_EAM_Discord_Lib", "MK_EAM_Discord_Lib\MK_EAM_Discord_Lib.csproj", "{C49DC956-09E5-4CCF-A753-86ADCD5F94C7}"
EndProject
Project("{9A19103F-16F7-4668-BE54-9A1E7A4F7556}") = "MK_EAM_Analytics", "MK_EAM_Analytics\MK_EAM_Analytics.csproj", "{EDDC50BF-5B06-4824-90E3-B7660F7D926E}"
EndProject
Project("{9A19103F-16F7-4668-BE54-9A1E7A4F7556}") = "MK_EAM_Updater_Lib", "MK_EAM_Updater_Lib\MK_EAM_Updater_Lib.csproj", "{9C19752E-0EF2-489C-A6FF-EEAAFA06DCC4}"
EndProject
Project("{FAE04EC0-301F-11D3-BF4B-00C04F79EFBC}") = "EAM_Updater", "EAM_Updater\EAM_Updater.csproj", "{799346D1-368B-4439-86D9-5548B3B13A0F}"
EndProject
Project("{2150E333-8FDC-42A3-9474-1A3956D46DE8}") = "Solution Items", "Solution Items", "{8FF59C9E-1113-411D-945C-24D15685B2A6}"
	ProjectSection(SolutionItems) = preProject
		.editorconfig = .editorconfig
	EndProjectSection
EndProject
Project("{9A19103F-16F7-4668-BE54-9A1E7A4F7556}") = "MK_EAM_General_Services_Lib", "MK_EAM_General_Services_Lib\MK_EAM_General_Services_Lib.csproj", "{A6D4EB82-C89B-4657-9921-4BA2DC7CE05F}"
EndProject
Project("{2150E333-8FDC-42A3-9474-1A3956D46DE8}") = "Libraries", "Libraries", "{29E5CE25-2BF3-4AE0-AAC1-ACDB71419435}"
EndProject
Global
	GlobalSection(SolutionConfigurationPlatforms) = preSolution
		Debug|Any CPU = Debug|Any CPU
		Release|Any CPU = Release|Any CPU
	EndGlobalSection
	GlobalSection(ProjectConfigurationPlatforms) = postSolution
		{786F8D8B-1C1B-43E7-BE17-50872F7720E6}.Debug|Any CPU.ActiveCfg = Debug|Any CPU
		{786F8D8B-1C1B-43E7-BE17-50872F7720E6}.Debug|Any CPU.Build.0 = Debug|Any CPU
		{786F8D8B-1C1B-43E7-BE17-50872F7720E6}.Release|Any CPU.ActiveCfg = Release|Any CPU
		{786F8D8B-1C1B-43E7-BE17-50872F7720E6}.Release|Any CPU.Build.0 = Release|Any CPU
		{4DAA2462-CE82-491D-A823-B839036566D5}.Debug|Any CPU.ActiveCfg = Debug|Any CPU
		{4DAA2462-CE82-491D-A823-B839036566D5}.Debug|Any CPU.Build.0 = Debug|Any CPU
		{4DAA2462-CE82-491D-A823-B839036566D5}.Release|Any CPU.ActiveCfg = Release|Any CPU
		{4DAA2462-CE82-491D-A823-B839036566D5}.Release|Any CPU.Build.0 = Release|Any CPU
		{39F18F98-F955-4B55-B7BC-1D8402E279BB}.Debug|Any CPU.ActiveCfg = Debug|Any CPU
		{39F18F98-F955-4B55-B7BC-1D8402E279BB}.Debug|Any CPU.Build.0 = Debug|Any CPU
		{39F18F98-F955-4B55-B7BC-1D8402E279BB}.Release|Any CPU.ActiveCfg = Release|Any CPU
		{39F18F98-F955-4B55-B7BC-1D8402E279BB}.Release|Any CPU.Build.0 = Release|Any CPU
		{63C8EBA3-8DCD-46BD-98D0-58F3190C5B6F}.Debug|Any CPU.ActiveCfg = Debug|Any CPU
		{63C8EBA3-8DCD-46BD-98D0-58F3190C5B6F}.Debug|Any CPU.Build.0 = Debug|Any CPU
		{63C8EBA3-8DCD-46BD-98D0-58F3190C5B6F}.Release|Any CPU.ActiveCfg = Release|Any CPU
		{63C8EBA3-8DCD-46BD-98D0-58F3190C5B6F}.Release|Any CPU.Build.0 = Release|Any CPU
		{762C7732-B9DF-4ED4-B166-ED8AB0134D1D}.Debug|Any CPU.ActiveCfg = Debug|Any CPU
		{762C7732-B9DF-4ED4-B166-ED8AB0134D1D}.Debug|Any CPU.Build.0 = Debug|Any CPU
		{762C7732-B9DF-4ED4-B166-ED8AB0134D1D}.Release|Any CPU.ActiveCfg = Release|Any CPU
		{762C7732-B9DF-4ED4-B166-ED8AB0134D1D}.Release|Any CPU.Build.0 = Release|Any CPU
		{B429BD15-3C98-4150-9F09-9A521A112997}.Debug|Any CPU.ActiveCfg = Debug|Any CPU
		{B429BD15-3C98-4150-9F09-9A521A112997}.Debug|Any CPU.Build.0 = Debug|Any CPU
		{B429BD15-3C98-4150-9F09-9A521A112997}.Release|Any CPU.ActiveCfg = Release|Any CPU
		{B429BD15-3C98-4150-9F09-9A521A112997}.Release|Any CPU.Build.0 = Release|Any CPU
		{6A00BF6F-5B9B-4E77-A3C9-96CC57700D5A}.Debug|Any CPU.ActiveCfg = Debug|Any CPU
		{6A00BF6F-5B9B-4E77-A3C9-96CC57700D5A}.Debug|Any CPU.Build.0 = Debug|Any CPU
		{6A00BF6F-5B9B-4E77-A3C9-96CC57700D5A}.Release|Any CPU.ActiveCfg = Release|Any CPU
		{6A00BF6F-5B9B-4E77-A3C9-96CC57700D5A}.Release|Any CPU.Build.0 = Release|Any CPU
		{420C5644-CB8D-4BAD-A678-6CFB1A8ACD92}.Debug|Any CPU.ActiveCfg = Debug|Any CPU
		{420C5644-CB8D-4BAD-A678-6CFB1A8ACD92}.Debug|Any CPU.Build.0 = Debug|Any CPU
		{420C5644-CB8D-4BAD-A678-6CFB1A8ACD92}.Release|Any CPU.ActiveCfg = Release|Any CPU
		{420C5644-CB8D-4BAD-A678-6CFB1A8ACD92}.Release|Any CPU.Build.0 = Release|Any CPU
		{C49DC956-09E5-4CCF-A753-86ADCD5F94C7}.Debug|Any CPU.ActiveCfg = Debug|Any CPU
		{C49DC956-09E5-4CCF-A753-86ADCD5F94C7}.Debug|Any CPU.Build.0 = Debug|Any CPU
		{C49DC956-09E5-4CCF-A753-86ADCD5F94C7}.Release|Any CPU.ActiveCfg = Release|Any CPU
		{C49DC956-09E5-4CCF-A753-86ADCD5F94C7}.Release|Any CPU.Build.0 = Release|Any CPU
		{EDDC50BF-5B06-4824-90E3-B7660F7D926E}.Debug|Any CPU.ActiveCfg = Debug|Any CPU
		{EDDC50BF-5B06-4824-90E3-B7660F7D926E}.Debug|Any CPU.Build.0 = Debug|Any CPU
		{EDDC50BF-5B06-4824-90E3-B7660F7D926E}.Release|Any CPU.ActiveCfg = Release|Any CPU
		{EDDC50BF-5B06-4824-90E3-B7660F7D926E}.Release|Any CPU.Build.0 = Release|Any CPU
		{9C19752E-0EF2-489C-A6FF-EEAAFA06DCC4}.Debug|Any CPU.ActiveCfg = Debug|Any CPU
		{9C19752E-0EF2-489C-A6FF-EEAAFA06DCC4}.Debug|Any CPU.Build.0 = Debug|Any CPU
		{9C19752E-0EF2-489C-A6FF-EEAAFA06DCC4}.Release|Any CPU.ActiveCfg = Release|Any CPU
		{9C19752E-0EF2-489C-A6FF-EEAAFA06DCC4}.Release|Any CPU.Build.0 = Release|Any CPU
		{799346D1-368B-4439-86D9-5548B3B13A0F}.Debug|Any CPU.ActiveCfg = Debug|Any CPU
		{799346D1-368B-4439-86D9-5548B3B13A0F}.Debug|Any CPU.Build.0 = Debug|Any CPU
		{799346D1-368B-4439-86D9-5548B3B13A0F}.Release|Any CPU.ActiveCfg = Release|Any CPU
		{799346D1-368B-4439-86D9-5548B3B13A0F}.Release|Any CPU.Build.0 = Release|Any CPU
		{A6D4EB82-C89B-4657-9921-4BA2DC7CE05F}.Debug|Any CPU.ActiveCfg = Debug|Any CPU
		{A6D4EB82-C89B-4657-9921-4BA2DC7CE05F}.Debug|Any CPU.Build.0 = Debug|Any CPU
		{A6D4EB82-C89B-4657-9921-4BA2DC7CE05F}.Release|Any CPU.ActiveCfg = Release|Any CPU
		{A6D4EB82-C89B-4657-9921-4BA2DC7CE05F}.Release|Any CPU.Build.0 = Release|Any CPU
	EndGlobalSection
	GlobalSection(SolutionProperties) = preSolution
		HideSolutionNode = FALSE
	EndGlobalSection
	GlobalSection(NestedProjects) = preSolution
		{63C8EBA3-8DCD-46BD-98D0-58F3190C5B6F} = {29E5CE25-2BF3-4AE0-AAC1-ACDB71419435}
		{C49DC956-09E5-4CCF-A753-86ADCD5F94C7} = {29E5CE25-2BF3-4AE0-AAC1-ACDB71419435}
		{EDDC50BF-5B06-4824-90E3-B7660F7D926E} = {29E5CE25-2BF3-4AE0-AAC1-ACDB71419435}
		{9C19752E-0EF2-489C-A6FF-EEAAFA06DCC4} = {29E5CE25-2BF3-4AE0-AAC1-ACDB71419435}
		{A6D4EB82-C89B-4657-9921-4BA2DC7CE05F} = {29E5CE25-2BF3-4AE0-AAC1-ACDB71419435}
	EndGlobalSection
	GlobalSection(ExtensibilityGlobals) = postSolution
		SolutionGuid = {D61C4B34-772E-4C38-B3C8-4F8C367D52A9}
	EndGlobalSection
EndGlobal
